// !$*UTF8*$!
{
	archiveVersion = 1;
	classes = {
	};
	objectVersion = 48;
	objects = {

/* Begin PBXBuildFile section */
		2263C43D1FD66D4E00351A8F /* BottomView.m in Sources */ = {isa = PBXBuildFile; fileRef = 2263C42A1FD66D4E00351A8F /* BottomView.m */; };
		2263C43E1FD66D4E00351A8F /* ZXCAlbumCell.m in Sources */ = {isa = PBXBuildFile; fileRef = 2263C42C1FD66D4E00351A8F /* ZXCAlbumCell.m */; };
		2263C43F1FD66D4E00351A8F /* ZXCAlbumCollectionViewController.m in Sources */ = {isa = PBXBuildFile; fileRef = 2263C42E1FD66D4E00351A8F /* ZXCAlbumCollectionViewController.m */; };
		2263C4401FD66D4E00351A8F /* ZXCAlbumModel.m in Sources */ = {isa = PBXBuildFile; fileRef = 2263C4301FD66D4E00351A8F /* ZXCAlbumModel.m */; };
		2263C4411FD66D4E00351A8F /* ZXCAlbumViewController.m in Sources */ = {isa = PBXBuildFile; fileRef = 2263C4321FD66D4E00351A8F /* ZXCAlbumViewController.m */; };
		2263C4421FD66D4E00351A8F /* ZXCAssetCell.m in Sources */ = {isa = PBXBuildFile; fileRef = 2263C4341FD66D4E00351A8F /* ZXCAssetCell.m */; };
		2263C4431FD66D4E00351A8F /* ZXCCameraViewController.m in Sources */ = {isa = PBXBuildFile; fileRef = 2263C4361FD66D4E00351A8F /* ZXCCameraViewController.m */; };
		2263C4441FD66D4E00351A8F /* ZXCImageManager.m in Sources */ = {isa = PBXBuildFile; fileRef = 2263C4381FD66D4E00351A8F /* ZXCImageManager.m */; };
		2263C4451FD66D4E00351A8F /* ZXCImagePickerController.m in Sources */ = {isa = PBXBuildFile; fileRef = 2263C43A1FD66D4E00351A8F /* ZXCImagePickerController.m */; };
		2263C4461FD66D4E00351A8F /* ZXCPhotoViewController.m in Sources */ = {isa = PBXBuildFile; fileRef = 2263C43C1FD66D4E00351A8F /* ZXCPhotoViewController.m */; };
		226440511FD5173C00ED4AC0 /* images.bundle in Resources */ = {isa = PBXBuildFile; fileRef = 226440501FD5173C00ED4AC0 /* images.bundle */; };
		22ABB1EA1FCEA75C0049BBF3 /* AppDelegate.m in Sources */ = {isa = PBXBuildFile; fileRef = 22ABB1E91FCEA75C0049BBF3 /* AppDelegate.m */; };
		22ABB1ED1FCEA75C0049BBF3 /* ViewController.m in Sources */ = {isa = PBXBuildFile; fileRef = 22ABB1EC1FCEA75C0049BBF3 /* ViewController.m */; };
		22ABB1F01FCEA75C0049BBF3 /* Main.storyboard in Resources */ = {isa = PBXBuildFile; fileRef = 22ABB1EE1FCEA75C0049BBF3 /* Main.storyboard */; };
		22ABB1F51FCEA75C0049BBF3 /* LaunchScreen.storyboard in Resources */ = {isa = PBXBuildFile; fileRef = 22ABB1F31FCEA75C0049BBF3 /* LaunchScreen.storyboard */; };
		22ABB1F81FCEA75C0049BBF3 /* main.m in Sources */ = {isa = PBXBuildFile; fileRef = 22ABB1F71FCEA75C0049BBF3 /* main.m */; };
		22ABB2021FCEA75C0049BBF3 /* ZXCCameraTests.m in Sources */ = {isa = PBXBuildFile; fileRef = 22ABB2011FCEA75C0049BBF3 /* ZXCCameraTests.m */; };
		22ABB20D1FCEA75C0049BBF3 /* ZXCCameraUITests.m in Sources */ = {isa = PBXBuildFile; fileRef = 22ABB20C1FCEA75C0049BBF3 /* ZXCCameraUITests.m */; };
/* End PBXBuildFile section */

/* Begin PBXContainerItemProxy section */
		22ABB1FE1FCEA75C0049BBF3 /* PBXContainerItemProxy */ = {
			isa = PBXContainerItemProxy;
			containerPortal = 22ABB1DD1FCEA75C0049BBF3 /* Project object */;
			proxyType = 1;
			remoteGlobalIDString = 22ABB1E41FCEA75C0049BBF3;
			remoteInfo = ZXCCamera;
		};
		22ABB2091FCEA75C0049BBF3 /* PBXContainerItemProxy */ = {
			isa = PBXContainerItemProxy;
			containerPortal = 22ABB1DD1FCEA75C0049BBF3 /* Project object */;
			proxyType = 1;
			remoteGlobalIDString = 22ABB1E41FCEA75C0049BBF3;
			remoteInfo = ZXCCamera;
		};
/* End PBXContainerItemProxy section */

/* Begin PBXFileReference section */
		2263C4291FD66D4E00351A8F /* BottomView.h */ = {isa = PBXFileReference; fileEncoding = 4; lastKnownFileType = sourcecode.c.h; path = BottomView.h; sourceTree = "<group>"; };
		2263C42A1FD66D4E00351A8F /* BottomView.m */ = {isa = PBXFileReference; fileEncoding = 4; lastKnownFileType = sourcecode.c.objc; path = BottomView.m; sourceTree = "<group>"; };
		2263C42B1FD66D4E00351A8F /* ZXCAlbumCell.h */ = {isa = PBXFileReference; fileEncoding = 4; lastKnownFileType = sourcecode.c.h; path = ZXCAlbumCell.h; sourceTree = "<group>"; };
		2263C42C1FD66D4E00351A8F /* ZXCAlbumCell.m */ = {isa = PBXFileReference; fileEncoding = 4; lastKnownFileType = sourcecode.c.objc; path = ZXCAlbumCell.m; sourceTree = "<group>"; };
		2263C42D1FD66D4E00351A8F /* ZXCAlbumCollectionViewController.h */ = {isa = PBXFileReference; fileEncoding = 4; lastKnownFileType = sourcecode.c.h; path = ZXCAlbumCollectionViewController.h; sourceTree = "<group>"; };
		2263C42E1FD66D4E00351A8F /* ZXCAlbumCollectionViewController.m */ = {isa = PBXFileReference; fileEncoding = 4; lastKnownFileType = sourcecode.c.objc; path = ZXCAlbumCollectionViewController.m; sourceTree = "<group>"; };
		2263C42F1FD66D4E00351A8F /* ZXCAlbumModel.h */ = {isa = PBXFileReference; fileEncoding = 4; lastKnownFileType = sourcecode.c.h; path = ZXCAlbumModel.h; sourceTree = "<group>"; };
		2263C4301FD66D4E00351A8F /* ZXCAlbumModel.m */ = {isa = PBXFileReference; fileEncoding = 4; lastKnownFileType = sourcecode.c.objc; path = ZXCAlbumModel.m; sourceTree = "<group>"; };
		2263C4311FD66D4E00351A8F /* ZXCAlbumViewController.h */ = {isa = PBXFileReference; fileEncoding = 4; lastKnownFileType = sourcecode.c.h; path = ZXCAlbumViewController.h; sourceTree = "<group>"; };
		2263C4321FD66D4E00351A8F /* ZXCAlbumViewController.m */ = {isa = PBXFileReference; fileEncoding = 4; lastKnownFileType = sourcecode.c.objc; path = ZXCAlbumViewController.m; sourceTree = "<group>"; };
		2263C4331FD66D4E00351A8F /* ZXCAssetCell.h */ = {isa = PBXFileReference; fileEncoding = 4; lastKnownFileType = sourcecode.c.h; path = ZXCAssetCell.h; sourceTree = "<group>"; };
		2263C4341FD66D4E00351A8F /* ZXCAssetCell.m */ = {isa = PBXFileReference; fileEncoding = 4; lastKnownFileType = sourcecode.c.objc; path = ZXCAssetCell.m; sourceTree = "<group>"; };
		2263C4351FD66D4E00351A8F /* ZXCCameraViewController.h */ = {isa = PBXFileReference; fileEncoding = 4; lastKnownFileType = sourcecode.c.h; path = ZXCCameraViewController.h; sourceTree = "<group>"; };
		2263C4361FD66D4E00351A8F /* ZXCCameraViewController.m */ = {isa = PBXFileReference; fileEncoding = 4; lastKnownFileType = sourcecode.c.objc; path = ZXCCameraViewController.m; sourceTree = "<group>"; };
		2263C4371FD66D4E00351A8F /* ZXCImageManager.h */ = {isa = PBXFileReference; fileEncoding = 4; lastKnownFileType = sourcecode.c.h; path = ZXCImageManager.h; sourceTree = "<group>"; };
		2263C4381FD66D4E00351A8F /* ZXCImageManager.m */ = {isa = PBXFileReference; fileEncoding = 4; lastKnownFileType = sourcecode.c.objc; path = ZXCImageManager.m; sourceTree = "<group>"; };
		2263C4391FD66D4E00351A8F /* ZXCImagePickerController.h */ = {isa = PBXFileReference; fileEncoding = 4; lastKnownFileType = sourcecode.c.h; path = ZXCImagePickerController.h; sourceTree = "<group>"; };
		2263C43A1FD66D4E00351A8F /* ZXCImagePickerController.m */ = {isa = PBXFileReference; fileEncoding = 4; lastKnownFileType = sourcecode.c.objc; path = ZXCImagePickerController.m; sourceTree = "<group>"; };
		2263C43B1FD66D4E00351A8F /* ZXCPhotoViewController.h */ = {isa = PBXFileReference; fileEncoding = 4; lastKnownFileType = sourcecode.c.h; path = ZXCPhotoViewController.h; sourceTree = "<group>"; };
		2263C43C1FD66D4E00351A8F /* ZXCPhotoViewController.m */ = {isa = PBXFileReference; fileEncoding = 4; lastKnownFileType = sourcecode.c.objc; path = ZXCPhotoViewController.m; sourceTree = "<group>"; };
		226440501FD5173C00ED4AC0 /* images.bundle */ = {isa = PBXFileReference; lastKnownFileType = "wrapper.plug-in"; path = images.bundle; sourceTree = "<group>"; };
		22ABB1E51FCEA75C0049BBF3 /* ZXCCamera.app */ = {isa = PBXFileReference; explicitFileType = wrapper.application; includeInIndex = 0; path = ZXCCamera.app; sourceTree = BUILT_PRODUCTS_DIR; };
		22ABB1E81FCEA75C0049BBF3 /* AppDelegate.h */ = {isa = PBXFileReference; lastKnownFileType = sourcecode.c.h; path = AppDelegate.h; sourceTree = "<group>"; };
		22ABB1E91FCEA75C0049BBF3 /* AppDelegate.m */ = {isa = PBXFileReference; lastKnownFileType = sourcecode.c.objc; path = AppDelegate.m; sourceTree = "<group>"; };
		22ABB1EB1FCEA75C0049BBF3 /* ViewController.h */ = {isa = PBXFileReference; lastKnownFileType = sourcecode.c.h; path = ViewController.h; sourceTree = "<group>"; };
		22ABB1EC1FCEA75C0049BBF3 /* ViewController.m */ = {isa = PBXFileReference; lastKnownFileType = sourcecode.c.objc; path = ViewController.m; sourceTree = "<group>"; };
		22ABB1EF1FCEA75C0049BBF3 /* Base */ = {isa = PBXFileReference; lastKnownFileType = file.storyboard; name = Base; path = Base.lproj/Main.storyboard; sourceTree = "<group>"; };
		22ABB1F41FCEA75C0049BBF3 /* Base */ = {isa = PBXFileReference; lastKnownFileType = file.storyboard; name = Base; path = Base.lproj/LaunchScreen.storyboard; sourceTree = "<group>"; };
		22ABB1F61FCEA75C0049BBF3 /* Info.plist */ = {isa = PBXFileReference; lastKnownFileType = text.plist.xml; path = Info.plist; sourceTree = "<group>"; };
		22ABB1F71FCEA75C0049BBF3 /* main.m */ = {isa = PBXFileReference; lastKnownFileType = sourcecode.c.objc; path = main.m; sourceTree = "<group>"; };
		22ABB1FD1FCEA75C0049BBF3 /* ZXCCameraTests.xctest */ = {isa = PBXFileReference; explicitFileType = wrapper.cfbundle; includeInIndex = 0; path = ZXCCameraTests.xctest; sourceTree = BUILT_PRODUCTS_DIR; };
		22ABB2011FCEA75C0049BBF3 /* ZXCCameraTests.m */ = {isa = PBXFileReference; lastKnownFileType = sourcecode.c.objc; path = ZXCCameraTests.m; sourceTree = "<group>"; };
		22ABB2031FCEA75C0049BBF3 /* Info.plist */ = {isa = PBXFileReference; lastKnownFileType = text.plist.xml; path = Info.plist; sourceTree = "<group>"; };
		22ABB2081FCEA75C0049BBF3 /* ZXCCameraUITests.xctest */ = {isa = PBXFileReference; explicitFileType = wrapper.cfbundle; includeInIndex = 0; path = ZXCCameraUITests.xctest; sourceTree = BUILT_PRODUCTS_DIR; };
		22ABB20C1FCEA75C0049BBF3 /* ZXCCameraUITests.m */ = {isa = PBXFileReference; lastKnownFileType = sourcecode.c.objc; path = ZXCCameraUITests.m; sourceTree = "<group>"; };
		22ABB20E1FCEA75C0049BBF3 /* Info.plist */ = {isa = PBXFileReference; lastKnownFileType = text.plist.xml; path = Info.plist; sourceTree = "<group>"; };
/* End PBXFileReference section */

/* Begin PBXFrameworksBuildPhase section */
		22ABB1E21FCEA75C0049BBF3 /* Frameworks */ = {
			isa = PBXFrameworksBuildPhase;
			buildActionMask = 2147483647;
			files = (
			);
			runOnlyForDeploymentPostprocessing = 0;
		};
		22ABB1FA1FCEA75C0049BBF3 /* Frameworks */ = {
			isa = PBXFrameworksBuildPhase;
			buildActionMask = 2147483647;
			files = (
			);
			runOnlyForDeploymentPostprocessing = 0;
		};
		22ABB2051FCEA75C0049BBF3 /* Frameworks */ = {
			isa = PBXFrameworksBuildPhase;
			buildActionMask = 2147483647;
			files = (
			);
			runOnlyForDeploymentPostprocessing = 0;
		};
/* End PBXFrameworksBuildPhase section */

/* Begin PBXGroup section */
		2263C4281FD66D4E00351A8F /* ZXCImagePickerController */ = {
			isa = PBXGroup;
			children = (
				2263C4291FD66D4E00351A8F /* BottomView.h */,
				2263C42A1FD66D4E00351A8F /* BottomView.m */,
				2263C42B1FD66D4E00351A8F /* ZXCAlbumCell.h */,
				2263C42C1FD66D4E00351A8F /* ZXCAlbumCell.m */,
				2263C42D1FD66D4E00351A8F /* ZXCAlbumCollectionViewController.h */,
				2263C42E1FD66D4E00351A8F /* ZXCAlbumCollectionViewController.m */,
				2263C42F1FD66D4E00351A8F /* ZXCAlbumModel.h */,
				2263C4301FD66D4E00351A8F /* ZXCAlbumModel.m */,
				2263C4311FD66D4E00351A8F /* ZXCAlbumViewController.h */,
				2263C4321FD66D4E00351A8F /* ZXCAlbumViewController.m */,
				2263C4331FD66D4E00351A8F /* ZXCAssetCell.h */,
				2263C4341FD66D4E00351A8F /* ZXCAssetCell.m */,
				2263C4351FD66D4E00351A8F /* ZXCCameraViewController.h */,
				2263C4361FD66D4E00351A8F /* ZXCCameraViewController.m */,
				2263C4371FD66D4E00351A8F /* ZXCImageManager.h */,
				2263C4381FD66D4E00351A8F /* ZXCImageManager.m */,
				2263C4391FD66D4E00351A8F /* ZXCImagePickerController.h */,
				2263C43A1FD66D4E00351A8F /* ZXCImagePickerController.m */,
				2263C43B1FD66D4E00351A8F /* ZXCPhotoViewController.h */,
				2263C43C1FD66D4E00351A8F /* ZXCPhotoViewController.m */,
				226440501FD5173C00ED4AC0 /* images.bundle */,
			);
			path = ZXCImagePickerController;
			sourceTree = "<group>";
		};
		22ABB1DC1FCEA75C0049BBF3 = {
			isa = PBXGroup;
			children = (
				22ABB1E71FCEA75C0049BBF3 /* ZXCCamera */,
				22ABB2001FCEA75C0049BBF3 /* ZXCCameraTests */,
				22ABB20B1FCEA75C0049BBF3 /* ZXCCameraUITests */,
				22ABB1E61FCEA75C0049BBF3 /* Products */,
			);
			sourceTree = "<group>";
		};
		22ABB1E61FCEA75C0049BBF3 /* Products */ = {
			isa = PBXGroup;
			children = (
				22ABB1E51FCEA75C0049BBF3 /* ZXCCamera.app */,
				22ABB1FD1FCEA75C0049BBF3 /* ZXCCameraTests.xctest */,
				22ABB2081FCEA75C0049BBF3 /* ZXCCameraUITests.xctest */,
			);
			name = Products;
			sourceTree = "<group>";
		};
		22ABB1E71FCEA75C0049BBF3 /* ZXCCamera */ = {
			isa = PBXGroup;
			children = (
				2263C4281FD66D4E00351A8F /* ZXCImagePickerController */,
				22ABB1E81FCEA75C0049BBF3 /* AppDelegate.h */,
				22ABB1E91FCEA75C0049BBF3 /* AppDelegate.m */,
				22ABB1EB1FCEA75C0049BBF3 /* ViewController.h */,
				22ABB1EC1FCEA75C0049BBF3 /* ViewController.m */,
				22ABB1EE1FCEA75C0049BBF3 /* Main.storyboard */,
				22ABB1F31FCEA75C0049BBF3 /* LaunchScreen.storyboard */,
				22ABB1F61FCEA75C0049BBF3 /* Info.plist */,
				22ABB1F71FCEA75C0049BBF3 /* main.m */,
			);
			path = ZXCCamera;
			sourceTree = "<group>";
		};
		22ABB2001FCEA75C0049BBF3 /* ZXCCameraTests */ = {
			isa = PBXGroup;
			children = (
				22ABB2011FCEA75C0049BBF3 /* ZXCCameraTests.m */,
				22ABB2031FCEA75C0049BBF3 /* Info.plist */,
			);
			path = ZXCCameraTests;
			sourceTree = "<group>";
		};
		22ABB20B1FCEA75C0049BBF3 /* ZXCCameraUITests */ = {
			isa = PBXGroup;
			children = (
				22ABB20C1FCEA75C0049BBF3 /* ZXCCameraUITests.m */,
				22ABB20E1FCEA75C0049BBF3 /* Info.plist */,
			);
			path = ZXCCameraUITests;
			sourceTree = "<group>";
		};
/* End PBXGroup section */

/* Begin PBXNativeTarget section */
		22ABB1E41FCEA75C0049BBF3 /* ZXCCamera */ = {
			isa = PBXNativeTarget;
			buildConfigurationList = 22ABB2111FCEA75C0049BBF3 /* Build configuration list for PBXNativeTarget "ZXCCamera" */;
			buildPhases = (
				22ABB1E11FCEA75C0049BBF3 /* Sources */,
				22ABB1E21FCEA75C0049BBF3 /* Frameworks */,
				22ABB1E31FCEA75C0049BBF3 /* Resources */,
			);
			buildRules = (
			);
			dependencies = (
			);
			name = ZXCCamera;
			productName = ZXCCamera;
			productReference = 22ABB1E51FCEA75C0049BBF3 /* ZXCCamera.app */;
			productType = "com.apple.product-type.application";
		};
		22ABB1FC1FCEA75C0049BBF3 /* ZXCCameraTests */ = {
			isa = PBXNativeTarget;
			buildConfigurationList = 22ABB2141FCEA75C0049BBF3 /* Build configuration list for PBXNativeTarget "ZXCCameraTests" */;
			buildPhases = (
				22ABB1F91FCEA75C0049BBF3 /* Sources */,
				22ABB1FA1FCEA75C0049BBF3 /* Frameworks */,
				22ABB1FB1FCEA75C0049BBF3 /* Resources */,
			);
			buildRules = (
			);
			dependencies = (
				22ABB1FF1FCEA75C0049BBF3 /* PBXTargetDependency */,
			);
			name = ZXCCameraTests;
			productName = ZXCCameraTests;
			productReference = 22ABB1FD1FCEA75C0049BBF3 /* ZXCCameraTests.xctest */;
			productType = "com.apple.product-type.bundle.unit-test";
		};
		22ABB2071FCEA75C0049BBF3 /* ZXCCameraUITests */ = {
			isa = PBXNativeTarget;
			buildConfigurationList = 22ABB2171FCEA75C0049BBF3 /* Build configuration list for PBXNativeTarget "ZXCCameraUITests" */;
			buildPhases = (
				22ABB2041FCEA75C0049BBF3 /* Sources */,
				22ABB2051FCEA75C0049BBF3 /* Frameworks */,
				22ABB2061FCEA75C0049BBF3 /* Resources */,
			);
			buildRules = (
			);
			dependencies = (
				22ABB20A1FCEA75C0049BBF3 /* PBXTargetDependency */,
			);
			name = ZXCCameraUITests;
			productName = ZXCCameraUITests;
			productReference = 22ABB2081FCEA75C0049BBF3 /* ZXCCameraUITests.xctest */;
			productType = "com.apple.product-type.bundle.ui-testing";
		};
/* End PBXNativeTarget section */

/* Begin PBXProject section */
		22ABB1DD1FCEA75C0049BBF3 /* Project object */ = {
			isa = PBXProject;
			attributes = {
				LastUpgradeCheck = 0910;
				ORGANIZATIONNAME = VIC;
				TargetAttributes = {
					22ABB1E41FCEA75C0049BBF3 = {
						CreatedOnToolsVersion = 9.1;
						ProvisioningStyle = Manual;
					};
					22ABB1FC1FCEA75C0049BBF3 = {
						CreatedOnToolsVersion = 9.1;
						ProvisioningStyle = Automatic;
						TestTargetID = 22ABB1E41FCEA75C0049BBF3;
					};
					22ABB2071FCEA75C0049BBF3 = {
						CreatedOnToolsVersion = 9.1;
						ProvisioningStyle = Automatic;
						TestTargetID = 22ABB1E41FCEA75C0049BBF3;
					};
				};
			};
			buildConfigurationList = 22ABB1E01FCEA75C0049BBF3 /* Build configuration list for PBXProject "ZXCCamera" */;
			compatibilityVersion = "Xcode 8.0";
			developmentRegion = en;
			hasScannedForEncodings = 0;
			knownRegions = (
				en,
				Base,
			);
			mainGroup = 22ABB1DC1FCEA75C0049BBF3;
			productRefGroup = 22ABB1E61FCEA75C0049BBF3 /* Products */;
			projectDirPath = "";
			projectRoot = "";
			targets = (
				22ABB1E41FCEA75C0049BBF3 /* ZXCCamera */,
				22ABB1FC1FCEA75C0049BBF3 /* ZXCCameraTests */,
				22ABB2071FCEA75C0049BBF3 /* ZXCCameraUITests */,
			);
		};
/* End PBXProject section */

/* Begin PBXResourcesBuildPhase section */
		22ABB1E31FCEA75C0049BBF3 /* Resources */ = {
			isa = PBXResourcesBuildPhase;
			buildActionMask = 2147483647;
			files = (
				22ABB1F51FCEA75C0049BBF3 /* LaunchScreen.storyboard in Resources */,
				22ABB1F01FCEA75C0049BBF3 /* Main.storyboard in Resources */,
				226440511FD5173C00ED4AC0 /* images.bundle in Resources */,
			);
			runOnlyForDeploymentPostprocessing = 0;
		};
		22ABB1FB1FCEA75C0049BBF3 /* Resources */ = {
			isa = PBXResourcesBuildPhase;
			buildActionMask = 2147483647;
			files = (
			);
			runOnlyForDeploymentPostprocessing = 0;
		};
		22ABB2061FCEA75C0049BBF3 /* Resources */ = {
			isa = PBXResourcesBuildPhase;
			buildActionMask = 2147483647;
			files = (
			);
			runOnlyForDeploymentPostprocessing = 0;
		};
/* End PBXResourcesBuildPhase section */

/* Begin PBXSourcesBuildPhase section */
		22ABB1E11FCEA75C0049BBF3 /* Sources */ = {
			isa = PBXSourcesBuildPhase;
			buildActionMask = 2147483647;
			files = (
				2263C4411FD66D4E00351A8F /* ZXCAlbumViewController.m in Sources */,
				2263C4441FD66D4E00351A8F /* ZXCImageManager.m in Sources */,
				22ABB1ED1FCEA75C0049BBF3 /* ViewController.m in Sources */,
				2263C4401FD66D4E00351A8F /* ZXCAlbumModel.m in Sources */,
				22ABB1F81FCEA75C0049BBF3 /* main.m in Sources */,
				2263C43F1FD66D4E00351A8F /* ZXCAlbumCollectionViewController.m in Sources */,
				22ABB1EA1FCEA75C0049BBF3 /* AppDelegate.m in Sources */,
				2263C4461FD66D4E00351A8F /* ZXCPhotoViewController.m in Sources */,
				2263C4451FD66D4E00351A8F /* ZXCImagePickerController.m in Sources */,
				2263C4421FD66D4E00351A8F /* ZXCAssetCell.m in Sources */,
				2263C4431FD66D4E00351A8F /* ZXCCameraViewController.m in Sources */,
				2263C43E1FD66D4E00351A8F /* ZXCAlbumCell.m in Sources */,
				2263C43D1FD66D4E00351A8F /* BottomView.m in Sources */,
			);
			runOnlyForDeploymentPostprocessing = 0;
		};
		22ABB1F91FCEA75C0049BBF3 /* Sources */ = {
			isa = PBXSourcesBuildPhase;
			buildActionMask = 2147483647;
			files = (
				22ABB2021FCEA75C0049BBF3 /* ZXCCameraTests.m in Sources */,
			);
			runOnlyForDeploymentPostprocessing = 0;
		};
		22ABB2041FCEA75C0049BBF3 /* Sources */ = {
			isa = PBXSourcesBuildPhase;
			buildActionMask = 2147483647;
			files = (
				22ABB20D1FCEA75C0049BBF3 /* ZXCCameraUITests.m in Sources */,
			);
			runOnlyForDeploymentPostprocessing = 0;
		};
/* End PBXSourcesBuildPhase section */

/* Begin PBXTargetDependency section */
		22ABB1FF1FCEA75C0049BBF3 /* PBXTargetDependency */ = {
			isa = PBXTargetDependency;
			target = 22ABB1E41FCEA75C0049BBF3 /* ZXCCamera */;
			targetProxy = 22ABB1FE1FCEA75C0049BBF3 /* PBXContainerItemProxy */;
		};
		22ABB20A1FCEA75C0049BBF3 /* PBXTargetDependency */ = {
			isa = PBXTargetDependency;
			target = 22ABB1E41FCEA75C0049BBF3 /* ZXCCamera */;
			targetProxy = 22ABB2091FCEA75C0049BBF3 /* PBXContainerItemProxy */;
		};
/* End PBXTargetDependency section */

/* Begin PBXVariantGroup section */
		22ABB1EE1FCEA75C0049BBF3 /* Main.storyboard */ = {
			isa = PBXVariantGroup;
			children = (
				22ABB1EF1FCEA75C0049BBF3 /* Base */,
			);
			name = Main.storyboard;
			sourceTree = "<group>";
		};
		22ABB1F31FCEA75C0049BBF3 /* LaunchScreen.storyboard */ = {
			isa = PBXVariantGroup;
			children = (
				22ABB1F41FCEA75C0049BBF3 /* Base */,
			);
			name = LaunchScreen.storyboard;
			sourceTree = "<group>";
		};
/* End PBXVariantGroup section */

/* Begin XCBuildConfiguration section */
		22ABB20F1FCEA75C0049BBF3 /* Debug */ = {
			isa = XCBuildConfiguration;
			buildSettings = {
				ALWAYS_SEARCH_USER_PATHS = NO;
				CLANG_ANALYZER_NONNULL = YES;
				CLANG_ANALYZER_NUMBER_OBJECT_CONVERSION = YES_AGGRESSIVE;
				CLANG_CXX_LANGUAGE_STANDARD = "gnu++14";
				CLANG_CXX_LIBRARY = "libc++";
				CLANG_ENABLE_MODULES = YES;
				CLANG_ENABLE_OBJC_ARC = YES;
				CLANG_WARN_BLOCK_CAPTURE_AUTORELEASING = YES;
				CLANG_WARN_BOOL_CONVERSION = YES;
				CLANG_WARN_COMMA = YES;
				CLANG_WARN_CONSTANT_CONVERSION = YES;
				CLANG_WARN_DIRECT_OBJC_ISA_USAGE = YES_ERROR;
				CLANG_WARN_DOCUMENTATION_COMMENTS = YES;
				CLANG_WARN_EMPTY_BODY = YES;
				CLANG_WARN_ENUM_CONVERSION = YES;
				CLANG_WARN_INFINITE_RECURSION = YES;
				CLANG_WARN_INT_CONVERSION = YES;
				CLANG_WARN_NON_LITERAL_NULL_CONVERSION = YES;
				CLANG_WARN_OBJC_LITERAL_CONVERSION = YES;
				CLANG_WARN_OBJC_ROOT_CLASS = YES_ERROR;
				CLANG_WARN_RANGE_LOOP_ANALYSIS = YES;
				CLANG_WARN_STRICT_PROTOTYPES = YES;
				CLANG_WARN_SUSPICIOUS_MOVE = YES;
				CLANG_WARN_UNGUARDED_AVAILABILITY = YES_AGGRESSIVE;
				CLANG_WARN_UNREACHABLE_CODE = YES;
				CLANG_WARN__DUPLICATE_METHOD_MATCH = YES;
				CODE_SIGN_IDENTITY = "iPhone Developer";
				COPY_PHASE_STRIP = NO;
				DEBUG_INFORMATION_FORMAT = dwarf;
				ENABLE_STRICT_OBJC_MSGSEND = YES;
				ENABLE_TESTABILITY = YES;
				GCC_C_LANGUAGE_STANDARD = gnu11;
				GCC_DYNAMIC_NO_PIC = NO;
				GCC_NO_COMMON_BLOCKS = YES;
				GCC_OPTIMIZATION_LEVEL = 0;
				GCC_PREPROCESSOR_DEFINITIONS = (
					"DEBUG=1",
					"$(inherited)",
				);
				GCC_WARN_64_TO_32_BIT_CONVERSION = YES;
				GCC_WARN_ABOUT_RETURN_TYPE = YES_ERROR;
				GCC_WARN_UNDECLARED_SELECTOR = YES;
				GCC_WARN_UNINITIALIZED_AUTOS = YES_AGGRESSIVE;
				GCC_WARN_UNUSED_FUNCTION = YES;
				GCC_WARN_UNUSED_VARIABLE = YES;
				IPHONEOS_DEPLOYMENT_TARGET = 11.1;
				MTL_ENABLE_DEBUG_INFO = YES;
				ONLY_ACTIVE_ARCH = YES;
				SDKROOT = iphoneos;
			};
			name = Debug;
		};
		22ABB2101FCEA75C0049BBF3 /* Release */ = {
			isa = XCBuildConfiguration;
			buildSettings = {
				ALWAYS_SEARCH_USER_PATHS = NO;
				CLANG_ANALYZER_NONNULL = YES;
				CLANG_ANALYZER_NUMBER_OBJECT_CONVERSION = YES_AGGRESSIVE;
				CLANG_CXX_LANGUAGE_STANDARD = "gnu++14";
				CLANG_CXX_LIBRARY = "libc++";
				CLANG_ENABLE_MODULES = YES;
				CLANG_ENABLE_OBJC_ARC = YES;
				CLANG_WARN_BLOCK_CAPTURE_AUTORELEASING = YES;
				CLANG_WARN_BOOL_CONVERSION = YES;
				CLANG_WARN_COMMA = YES;
				CLANG_WARN_CONSTANT_CONVERSION = YES;
				CLANG_WARN_DIRECT_OBJC_ISA_USAGE = YES_ERROR;
				CLANG_WARN_DOCUMENTATION_COMMENTS = YES;
				CLANG_WARN_EMPTY_BODY = YES;
				CLANG_WARN_ENUM_CONVERSION = YES;
				CLANG_WARN_INFINITE_RECURSION = YES;
				CLANG_WARN_INT_CONVERSION = YES;
				CLANG_WARN_NON_LITERAL_NULL_CONVERSION = YES;
				CLANG_WARN_OBJC_LITERAL_CONVERSION = YES;
				CLANG_WARN_OBJC_ROOT_CLASS = YES_ERROR;
				CLANG_WARN_RANGE_LOOP_ANALYSIS = YES;
				CLANG_WARN_STRICT_PROTOTYPES = YES;
				CLANG_WARN_SUSPICIOUS_MOVE = YES;
				CLANG_WARN_UNGUARDED_AVAILABILITY = YES_AGGRESSIVE;
				CLANG_WARN_UNREACHABLE_CODE = YES;
				CLANG_WARN__DUPLICATE_METHOD_MATCH = YES;
				CODE_SIGN_IDENTITY = "iPhone Developer";
				COPY_PHASE_STRIP = NO;
				DEBUG_INFORMATION_FORMAT = "dwarf-with-dsym";
				ENABLE_NS_ASSERTIONS = NO;
				ENABLE_STRICT_OBJC_MSGSEND = YES;
				GCC_C_LANGUAGE_STANDARD = gnu11;
				GCC_NO_COMMON_BLOCKS = YES;
				GCC_WARN_64_TO_32_BIT_CONVERSION = YES;
				GCC_WARN_ABOUT_RETURN_TYPE = YES_ERROR;
				GCC_WARN_UNDECLARED_SELECTOR = YES;
				GCC_WARN_UNINITIALIZED_AUTOS = YES_AGGRESSIVE;
				GCC_WARN_UNUSED_FUNCTION = YES;
				GCC_WARN_UNUSED_VARIABLE = YES;
				IPHONEOS_DEPLOYMENT_TARGET = 11.1;
				MTL_ENABLE_DEBUG_INFO = NO;
				SDKROOT = iphoneos;
				VALIDATE_PRODUCT = YES;
			};
			name = Release;
		};
		22ABB2121FCEA75C0049BBF3 /* Debug */ = {
			isa = XCBuildConfiguration;
			buildSettings = {
				ASSETCATALOG_COMPILER_APPICON_NAME = AppIcon;
				CODE_SIGN_STYLE = Manual;
				DEVELOPMENT_TEAM = QX529Y9PWR;
				INFOPLIST_FILE = ZXCCamera/Info.plist;
				IPHONEOS_DEPLOYMENT_TARGET = 9.0;
				LD_RUNPATH_SEARCH_PATHS = "$(inherited) @executable_path/Frameworks";
				PRODUCT_BUNDLE_IDENTIFIER = "com.eCar.eCarBusinessProfessionalAppiOS-InHouse";
				PRODUCT_NAME = "$(TARGET_NAME)";
				PROVISIONING_PROFILE = "111d37a0-4251-4872-8201-83b4dcf4d213";
				PROVISIONING_PROFILE_SPECIFIER = eCarNewDev;
				TARGETED_DEVICE_FAMILY = "1,2";
			};
			name = Debug;
		};
		22ABB2131FCEA75C0049BBF3 /* Release */ = {
			isa = XCBuildConfiguration;
			buildSettings = {
				ASSETCATALOG_COMPILER_APPICON_NAME = AppIcon;
				"CODE_SIGN_IDENTITY[sdk=iphoneos*]" = "iPhone Distribution";
				CODE_SIGN_STYLE = Manual;
				DEVELOPMENT_TEAM = QX529Y9PWR;
				INFOPLIST_FILE = ZXCCamera/Info.plist;
				IPHONEOS_DEPLOYMENT_TARGET = 9.0;
				LD_RUNPATH_SEARCH_PATHS = "$(inherited) @executable_path/Frameworks";
				PRODUCT_BUNDLE_IDENTIFIER = "com.eCar.eCarBusinessProfessionalAppiOS-InHouse";
				PRODUCT_NAME = "$(TARGET_NAME)";
				PROVISIONING_PROFILE = "10545eb2-79ee-4d84-aa78-a2424e454ef9";
				PROVISIONING_PROFILE_SPECIFIER = eCarApsDis;
				TARGETED_DEVICE_FAMILY = "1,2";
			};
			name = Release;
		};
		22ABB2151FCEA75C0049BBF3 /* Debug */ = {
			isa = XCBuildConfiguration;
			buildSettings = {
				BUNDLE_LOADER = "$(TEST_HOST)";
				CODE_SIGN_STYLE = Automatic;
				INFOPLIST_FILE = ZXCCameraTests/Info.plist;
				LD_RUNPATH_SEARCH_PATHS = "$(inherited) @executable_path/Frameworks @loader_path/Frameworks";
				PRODUCT_BUNDLE_IDENTIFIER = vic.ZXCCameraTests;
				PRODUCT_NAME = "$(TARGET_NAME)";
				TARGETED_DEVICE_FAMILY = "1,2";
				TEST_HOST = "$(BUILT_PRODUCTS_DIR)/ZXCCamera.app/ZXCCamera";
			};
			name = Debug;
		};
		22ABB2161FCEA75C0049BBF3 /* Release */ = {
			isa = XCBuildConfiguration;
			buildSettings = {
				BUNDLE_LOADER = "$(TEST_HOST)";
				CODE_SIGN_STYLE = Automatic;
				INFOPLIST_FILE = ZXCCameraTests/Info.plist;
				LD_RUNPATH_SEARCH_PATHS = "$(inherited) @executable_path/Frameworks @loader_path/Frameworks";
				PRODUCT_BUNDLE_IDENTIFIER = vic.ZXCCameraTests;
				PRODUCT_NAME = "$(TARGET_NAME)";
				TARGETED_DEVICE_FAMILY = "1,2";
				TEST_HOST = "$(BUILT_PRODUCTS_DIR)/ZXCCamera.app/ZXCCamera";
			};
			name = Release;
		};
		22ABB2181FCEA75C0049BBF3 /* Debug */ = {
			isa = XCBuildConfiguration;
			buildSettings = {
				CODE_SIGN_STYLE = Automatic;
				INFOPLIST_FILE = ZXCCameraUITests/Info.plist;
				LD_RUNPATH_SEARCH_PATHS = "$(inherited) @executable_path/Frameworks @loader_path/Frameworks";
				PRODUCT_BUNDLE_IDENTIFIER = vic.ZXCCameraUITests;
				PRODUCT_NAME = "$(TARGET_NAME)";
				TARGETED_DEVICE_FAMILY = "1,2";
				TEST_TARGET_NAME = ZXCCamera;
			};
			name = Debug;
		};
		22ABB2191FCEA75C0049BBF3 /* Release */ = {
			isa = XCBuildConfiguration;
			buildSettings = {
				CODE_SIGN_STYLE = Automatic;
				INFOPLIST_FILE = ZXCCameraUITests/Info.plist;
				LD_RUNPATH_SEARCH_PATHS = "$(inherited) @executable_path/Frameworks @loader_path/Frameworks";
				PRODUCT_BUNDLE_IDENTIFIER = vic.ZXCCameraUITests;
				PRODUCT_NAME = "$(TARGET_NAME)";
				TARGETED_DEVICE_FAMILY = "1,2";
				TEST_TARGET_NAME = ZXCCamera;
			};
			name = Release;
		};
/* End XCBuildConfiguration section */

/* Begin XCConfigurationList section */
		22ABB1E01FCEA75C0049BBF3 /* Build configuration list for PBXProject "ZXCCamera" */ = {
			isa = XCConfigurationList;
			buildConfigurations = (
				22ABB20F1FCEA75C0049BBF3 /* Debug */,
				22ABB2101FCEA75C0049BBF3 /* Release */,
			);
			defaultConfigurationIsVisible = 0;
			defaultConfigurationName = Release;
		};
		22ABB2111FCEA75C0049BBF3 /* Build configuration list for PBXNativeTarget "ZXCCamera" */ = {
			isa = XCConfigurationList;
			buildConfigurations = (
				22ABB2121FCEA75C0049BBF3 /* Debug */,
				22ABB2131FCEA75C0049BBF3 /* Release */,
			);
			defaultConfigurationIsVisible = 0;
			defaultConfigurationName = Release;
		};
		22ABB2141FCEA75C0049BBF3 /* Build configuration list for PBXNativeTarget "ZXCCameraTests" */ = {
			isa = XCConfigurationList;
			buildConfigurations = (
				22ABB2151FCEA75C0049BBF3 /* Debug */,
				22ABB2161FCEA75C0049BBF3 /* Release */,
			);
			defaultConfigurationIsVisible = 0;
			defaultConfigurationName = Release;
		};
		22ABB2171FCEA75C0049BBF3 /* Build configuration list for PBXNativeTarget "ZXCCameraUITests" */ = {
			isa = XCConfigurationList;
			buildConfigurations = (
				22ABB2181FCEA75C0049BBF3 /* Debug */,
				22ABB2191FCEA75C0049BBF3 /* Release */,
			);
			defaultConfigurationIsVisible = 0;
			defaultConfigurationName = Release;
		};
/* End XCConfigurationList section */
	};
	rootObject = 22ABB1DD1FCEA75C0049BBF3 /* Project object */;
}
