// !$*UTF8*$!
{
	archiveVersion = 1;
	classes = {
	};
	objectVersion = 48;
	objects = {

/* Begin PBXBuildFile section */
		22B270751FD6864C004CC7A6 /* AppDelegate.m in Sources */ = {isa = PBXBuildFile; fileRef = 22B270741FD6864C004CC7A6 /* AppDelegate.m */; };
		22B270781FD6864C004CC7A6 /* ViewController.m in Sources */ = {isa = PBXBuildFile; fileRef = 22B270771FD6864C004CC7A6 /* ViewController.m */; };
		22B2707B1FD6864C004CC7A6 /* Main.storyboard in Resources */ = {isa = PBXBuildFile; fileRef = 22B270791FD6864C004CC7A6 /* Main.storyboard */; };
		22B2707D1FD6864C004CC7A6 /* Assets.xcassets in Resources */ = {isa = PBXBuildFile; fileRef = 22B2707C1FD6864C004CC7A6 /* Assets.xcassets */; };
		22B270801FD6864C004CC7A6 /* LaunchScreen.storyboard in Resources */ = {isa = PBXBuildFile; fileRef = 22B2707E1FD6864C004CC7A6 /* LaunchScreen.storyboard */; };
		22B270831FD6864C004CC7A6 /* main.m in Sources */ = {isa = PBXBuildFile; fileRef = 22B270821FD6864C004CC7A6 /* main.m */; };
		22B2708D1FD6864C004CC7A6 /* ZXCImagePickerControllerDemoTests.m in Sources */ = {isa = PBXBuildFile; fileRef = 22B2708C1FD6864C004CC7A6 /* ZXCImagePickerControllerDemoTests.m */; };
		22B270981FD6864C004CC7A6 /* ZXCImagePickerControllerDemoUITests.m in Sources */ = {isa = PBXBuildFile; fileRef = 22B270971FD6864C004CC7A6 /* ZXCImagePickerControllerDemoUITests.m */; };
		22B270BB1FD68667004CC7A6 /* BottomView.m in Sources */ = {isa = PBXBuildFile; fileRef = 22B270A71FD68666004CC7A6 /* BottomView.m */; };
		22B270BC1FD68667004CC7A6 /* images.bundle in Resources */ = {isa = PBXBuildFile; fileRef = 22B270A81FD68666004CC7A6 /* images.bundle */; };
		22B270BD1FD68667004CC7A6 /* ZXCAlbumCell.m in Sources */ = {isa = PBXBuildFile; fileRef = 22B270AA1FD68666004CC7A6 /* ZXCAlbumCell.m */; };
		22B270BE1FD68667004CC7A6 /* ZXCAlbumCollectionViewController.m in Sources */ = {isa = PBXBuildFile; fileRef = 22B270AC1FD68666004CC7A6 /* ZXCAlbumCollectionViewController.m */; };
		22B270BF1FD68667004CC7A6 /* ZXCAlbumModel.m in Sources */ = {isa = PBXBuildFile; fileRef = 22B270AE1FD68666004CC7A6 /* ZXCAlbumModel.m */; };
		22B270C01FD68667004CC7A6 /* ZXCAlbumViewController.m in Sources */ = {isa = PBXBuildFile; fileRef = 22B270B01FD68666004CC7A6 /* ZXCAlbumViewController.m */; };
		22B270C11FD68667004CC7A6 /* ZXCAssetCell.m in Sources */ = {isa = PBXBuildFile; fileRef = 22B270B21FD68666004CC7A6 /* ZXCAssetCell.m */; };
		22B270C21FD68667004CC7A6 /* ZXCCameraViewController.m in Sources */ = {isa = PBXBuildFile; fileRef = 22B270B41FD68666004CC7A6 /* ZXCCameraViewController.m */; };
		22B270C31FD68667004CC7A6 /* ZXCImageManager.m in Sources */ = {isa = PBXBuildFile; fileRef = 22B270B61FD68666004CC7A6 /* ZXCImageManager.m */; };
		22B270C41FD68667004CC7A6 /* ZXCImagePickerController.m in Sources */ = {isa = PBXBuildFile; fileRef = 22B270B81FD68666004CC7A6 /* ZXCImagePickerController.m */; };
		22B270C51FD68667004CC7A6 /* ZXCPhotoViewController.m in Sources */ = {isa = PBXBuildFile; fileRef = 22B270BA1FD68666004CC7A6 /* ZXCPhotoViewController.m */; };
/* End PBXBuildFile section */

/* Begin PBXContainerItemProxy section */
		22B270891FD6864C004CC7A6 /* PBXContainerItemProxy */ = {
			isa = PBXContainerItemProxy;
			containerPortal = 22B270681FD6864C004CC7A6 /* Project object */;
			proxyType = 1;
			remoteGlobalIDString = 22B2706F1FD6864C004CC7A6;
			remoteInfo = ZXCImagePickerControllerDemo;
		};
		22B270941FD6864C004CC7A6 /* PBXContainerItemProxy */ = {
			isa = PBXContainerItemProxy;
			containerPortal = 22B270681FD6864C004CC7A6 /* Project object */;
			proxyType = 1;
			remoteGlobalIDString = 22B2706F1FD6864C004CC7A6;
			remoteInfo = ZXCImagePickerControllerDemo;
		};
/* End PBXContainerItemProxy section */

/* Begin PBXFileReference section */
		22B270701FD6864C004CC7A6 /* ZXCImagePickerControllerDemo.app */ = {isa = PBXFileReference; explicitFileType = wrapper.application; includeInIndex = 0; path = ZXCImagePickerControllerDemo.app; sourceTree = BUILT_PRODUCTS_DIR; };
		22B270731FD6864C004CC7A6 /* AppDelegate.h */ = {isa = PBXFileReference; lastKnownFileType = sourcecode.c.h; path = AppDelegate.h; sourceTree = "<group>"; };
		22B270741FD6864C004CC7A6 /* AppDelegate.m */ = {isa = PBXFileReference; lastKnownFileType = sourcecode.c.objc; path = AppDelegate.m; sourceTree = "<group>"; };
		22B270761FD6864C004CC7A6 /* ViewController.h */ = {isa = PBXFileReference; lastKnownFileType = sourcecode.c.h; path = ViewController.h; sourceTree = "<group>"; };
		22B270771FD6864C004CC7A6 /* ViewController.m */ = {isa = PBXFileReference; lastKnownFileType = sourcecode.c.objc; path = ViewController.m; sourceTree = "<group>"; };
		22B2707A1FD6864C004CC7A6 /* Base */ = {isa = PBXFileReference; lastKnownFileType = file.storyboard; name = Base; path = Base.lproj/Main.storyboard; sourceTree = "<group>"; };
		22B2707C1FD6864C004CC7A6 /* Assets.xcassets */ = {isa = PBXFileReference; lastKnownFileType = folder.assetcatalog; path = Assets.xcassets; sourceTree = "<group>"; };
		22B2707F1FD6864C004CC7A6 /* Base */ = {isa = PBXFileReference; lastKnownFileType = file.storyboard; name = Base; path = Base.lproj/LaunchScreen.storyboard; sourceTree = "<group>"; };
		22B270811FD6864C004CC7A6 /* Info.plist */ = {isa = PBXFileReference; lastKnownFileType = text.plist.xml; path = Info.plist; sourceTree = "<group>"; };
		22B270821FD6864C004CC7A6 /* main.m */ = {isa = PBXFileReference; lastKnownFileType = sourcecode.c.objc; path = main.m; sourceTree = "<group>"; };
		22B270881FD6864C004CC7A6 /* ZXCImagePickerControllerDemoTests.xctest */ = {isa = PBXFileReference; explicitFileType = wrapper.cfbundle; includeInIndex = 0; path = ZXCImagePickerControllerDemoTests.xctest; sourceTree = BUILT_PRODUCTS_DIR; };
		22B2708C1FD6864C004CC7A6 /* ZXCImagePickerControllerDemoTests.m */ = {isa = PBXFileReference; lastKnownFileType = sourcecode.c.objc; path = ZXCImagePickerControllerDemoTests.m; sourceTree = "<group>"; };
		22B2708E1FD6864C004CC7A6 /* Info.plist */ = {isa = PBXFileReference; lastKnownFileType = text.plist.xml; path = Info.plist; sourceTree = "<group>"; };
		22B270931FD6864C004CC7A6 /* ZXCImagePickerControllerDemoUITests.xctest */ = {isa = PBXFileReference; explicitFileType = wrapper.cfbundle; includeInIndex = 0; path = ZXCImagePickerControllerDemoUITests.xctest; sourceTree = BUILT_PRODUCTS_DIR; };
		22B270971FD6864C004CC7A6 /* ZXCImagePickerControllerDemoUITests.m */ = {isa = PBXFileReference; lastKnownFileType = sourcecode.c.objc; path = ZXCImagePickerControllerDemoUITests.m; sourceTree = "<group>"; };
		22B270991FD6864C004CC7A6 /* Info.plist */ = {isa = PBXFileReference; lastKnownFileType = text.plist.xml; path = Info.plist; sourceTree = "<group>"; };
		22B270A61FD68666004CC7A6 /* BottomView.h */ = {isa = PBXFileReference; fileEncoding = 4; lastKnownFileType = sourcecode.c.h; path = BottomView.h; sourceTree = "<group>"; };
		22B270A71FD68666004CC7A6 /* BottomView.m */ = {isa = PBXFileReference; fileEncoding = 4; lastKnownFileType = sourcecode.c.objc; path = BottomView.m; sourceTree = "<group>"; };
		22B270A81FD68666004CC7A6 /* images.bundle */ = {isa = PBXFileReference; lastKnownFileType = "wrapper.plug-in"; path = images.bundle; sourceTree = "<group>"; };
		22B270A91FD68666004CC7A6 /* ZXCAlbumCell.h */ = {isa = PBXFileReference; fileEncoding = 4; lastKnownFileType = sourcecode.c.h; path = ZXCAlbumCell.h; sourceTree = "<group>"; };
		22B270AA1FD68666004CC7A6 /* ZXCAlbumCell.m */ = {isa = PBXFileReference; fileEncoding = 4; lastKnownFileType = sourcecode.c.objc; path = ZXCAlbumCell.m; sourceTree = "<group>"; };
		22B270AB1FD68666004CC7A6 /* ZXCAlbumCollectionViewController.h */ = {isa = PBXFileReference; fileEncoding = 4; lastKnownFileType = sourcecode.c.h; path = ZXCAlbumCollectionViewController.h; sourceTree = "<group>"; };
		22B270AC1FD68666004CC7A6 /* ZXCAlbumCollectionViewController.m */ = {isa = PBXFileReference; fileEncoding = 4; lastKnownFileType = sourcecode.c.objc; path = ZXCAlbumCollectionViewController.m; sourceTree = "<group>"; };
		22B270AD1FD68666004CC7A6 /* ZXCAlbumModel.h */ = {isa = PBXFileReference; fileEncoding = 4; lastKnownFileType = sourcecode.c.h; path = ZXCAlbumModel.h; sourceTree = "<group>"; };
		22B270AE1FD68666004CC7A6 /* ZXCAlbumModel.m */ = {isa = PBXFileReference; fileEncoding = 4; lastKnownFileType = sourcecode.c.objc; path = ZXCAlbumModel.m; sourceTree = "<group>"; };
		22B270AF1FD68666004CC7A6 /* ZXCAlbumViewController.h */ = {isa = PBXFileReference; fileEncoding = 4; lastKnownFileType = sourcecode.c.h; path = ZXCAlbumViewController.h; sourceTree = "<group>"; };
		22B270B01FD68666004CC7A6 /* ZXCAlbumViewController.m */ = {isa = PBXFileReference; fileEncoding = 4; lastKnownFileType = sourcecode.c.objc; path = ZXCAlbumViewController.m; sourceTree = "<group>"; };
		22B270B11FD68666004CC7A6 /* ZXCAssetCell.h */ = {isa = PBXFileReference; fileEncoding = 4; lastKnownFileType = sourcecode.c.h; path = ZXCAssetCell.h; sourceTree = "<group>"; };
		22B270B21FD68666004CC7A6 /* ZXCAssetCell.m */ = {isa = PBXFileReference; fileEncoding = 4; lastKnownFileType = sourcecode.c.objc; path = ZXCAssetCell.m; sourceTree = "<group>"; };
		22B270B31FD68666004CC7A6 /* ZXCCameraViewController.h */ = {isa = PBXFileReference; fileEncoding = 4; lastKnownFileType = sourcecode.c.h; path = ZXCCameraViewController.h; sourceTree = "<group>"; };
		22B270B41FD68666004CC7A6 /* ZXCCameraViewController.m */ = {isa = PBXFileReference; fileEncoding = 4; lastKnownFileType = sourcecode.c.objc; path = ZXCCameraViewController.m; sourceTree = "<group>"; };
		22B270B51FD68666004CC7A6 /* ZXCImageManager.h */ = {isa = PBXFileReference; fileEncoding = 4; lastKnownFileType = sourcecode.c.h; path = ZXCImageManager.h; sourceTree = "<group>"; };
		22B270B61FD68666004CC7A6 /* ZXCImageManager.m */ = {isa = PBXFileReference; fileEncoding = 4; lastKnownFileType = sourcecode.c.objc; path = ZXCImageManager.m; sourceTree = "<group>"; };
		22B270B71FD68666004CC7A6 /* ZXCImagePickerController.h */ = {isa = PBXFileReference; fileEncoding = 4; lastKnownFileType = sourcecode.c.h; path = ZXCImagePickerController.h; sourceTree = "<group>"; };
		22B270B81FD68666004CC7A6 /* ZXCImagePickerController.m */ = {isa = PBXFileReference; fileEncoding = 4; lastKnownFileType = sourcecode.c.objc; path = ZXCImagePickerController.m; sourceTree = "<group>"; };
		22B270B91FD68666004CC7A6 /* ZXCPhotoViewController.h */ = {isa = PBXFileReference; fileEncoding = 4; lastKnownFileType = sourcecode.c.h; path = ZXCPhotoViewController.h; sourceTree = "<group>"; };
		22B270BA1FD68666004CC7A6 /* ZXCPhotoViewController.m */ = {isa = PBXFileReference; fileEncoding = 4; lastKnownFileType = sourcecode.c.objc; path = ZXCPhotoViewController.m; sourceTree = "<group>"; };
/* End PBXFileReference section */

/* Begin PBXFrameworksBuildPhase section */
		22B2706D1FD6864C004CC7A6 /* Frameworks */ = {
			isa = PBXFrameworksBuildPhase;
			buildActionMask = 2147483647;
			files = (
			);
			runOnlyForDeploymentPostprocessing = 0;
		};
		22B270851FD6864C004CC7A6 /* Frameworks */ = {
			isa = PBXFrameworksBuildPhase;
			buildActionMask = 2147483647;
			files = (
			);
			runOnlyForDeploymentPostprocessing = 0;
		};
		22B270901FD6864C004CC7A6 /* Frameworks */ = {
			isa = PBXFrameworksBuildPhase;
			buildActionMask = 2147483647;
			files = (
			);
			runOnlyForDeploymentPostprocessing = 0;
		};
/* End PBXFrameworksBuildPhase section */

/* Begin PBXGroup section */
		22B270671FD6864C004CC7A6 = {
			isa = PBXGroup;
			children = (
				22B270721FD6864C004CC7A6 /* ZXCImagePickerControllerDemo */,
				22B2708B1FD6864C004CC7A6 /* ZXCImagePickerControllerDemoTests */,
				22B270961FD6864C004CC7A6 /* ZXCImagePickerControllerDemoUITests */,
				22B270711FD6864C004CC7A6 /* Products */,
			);
			sourceTree = "<group>";
		};
		22B270711FD6864C004CC7A6 /* Products */ = {
			isa = PBXGroup;
			children = (
				22B270701FD6864C004CC7A6 /* ZXCImagePickerControllerDemo.app */,
				22B270881FD6864C004CC7A6 /* ZXCImagePickerControllerDemoTests.xctest */,
				22B270931FD6864C004CC7A6 /* ZXCImagePickerControllerDemoUITests.xctest */,
			);
			name = Products;
			sourceTree = "<group>";
		};
		22B270721FD6864C004CC7A6 /* ZXCImagePickerControllerDemo */ = {
			isa = PBXGroup;
			children = (
				22B270731FD6864C004CC7A6 /* AppDelegate.h */,
				22B270741FD6864C004CC7A6 /* AppDelegate.m */,
				22B270761FD6864C004CC7A6 /* ViewController.h */,
				22B270771FD6864C004CC7A6 /* ViewController.m */,
				22B270A51FD68666004CC7A6 /* ZXCImagePickerController */,
				22B270791FD6864C004CC7A6 /* Main.storyboard */,
				22B2707C1FD6864C004CC7A6 /* Assets.xcassets */,
				22B2707E1FD6864C004CC7A6 /* LaunchScreen.storyboard */,
				22B270811FD6864C004CC7A6 /* Info.plist */,
				22B270821FD6864C004CC7A6 /* main.m */,
			);
			path = ZXCImagePickerControllerDemo;
			sourceTree = "<group>";
		};
		22B2708B1FD6864C004CC7A6 /* ZXCImagePickerControllerDemoTests */ = {
			isa = PBXGroup;
			children = (
				22B2708C1FD6864C004CC7A6 /* ZXCImagePickerControllerDemoTests.m */,
				22B2708E1FD6864C004CC7A6 /* Info.plist */,
			);
			path = ZXCImagePickerControllerDemoTests;
			sourceTree = "<group>";
		};
		22B270961FD6864C004CC7A6 /* ZXCImagePickerControllerDemoUITests */ = {
			isa = PBXGroup;
			children = (
				22B270971FD6864C004CC7A6 /* ZXCImagePickerControllerDemoUITests.m */,
				22B270991FD6864C004CC7A6 /* Info.plist */,
			);
			path = ZXCImagePickerControllerDemoUITests;
			sourceTree = "<group>";
		};
		22B270A51FD68666004CC7A6 /* ZXCImagePickerController */ = {
			isa = PBXGroup;
			children = (
				22B270A61FD68666004CC7A6 /* BottomView.h */,
				22B270A71FD68666004CC7A6 /* BottomView.m */,
				22B270A81FD68666004CC7A6 /* images.bundle */,
				22B270A91FD68666004CC7A6 /* ZXCAlbumCell.h */,
				22B270AA1FD68666004CC7A6 /* ZXCAlbumCell.m */,
				22B270AB1FD68666004CC7A6 /* ZXCAlbumCollectionViewController.h */,
				22B270AC1FD68666004CC7A6 /* ZXCAlbumCollectionViewController.m */,
				22B270AD1FD68666004CC7A6 /* ZXCAlbumModel.h */,
				22B270AE1FD68666004CC7A6 /* ZXCAlbumModel.m */,
				22B270AF1FD68666004CC7A6 /* ZXCAlbumViewController.h */,
				22B270B01FD68666004CC7A6 /* ZXCAlbumViewController.m */,
				22B270B11FD68666004CC7A6 /* ZXCAssetCell.h */,
				22B270B21FD68666004CC7A6 /* ZXCAssetCell.m */,
				22B270B31FD68666004CC7A6 /* ZXCCameraViewController.h */,
				22B270B41FD68666004CC7A6 /* ZXCCameraViewController.m */,
				22B270B51FD68666004CC7A6 /* ZXCImageManager.h */,
				22B270B61FD68666004CC7A6 /* ZXCImageManager.m */,
				22B270B71FD68666004CC7A6 /* ZXCImagePickerController.h */,
				22B270B81FD68666004CC7A6 /* ZXCImagePickerController.m */,
				22B270B91FD68666004CC7A6 /* ZXCPhotoViewController.h */,
				22B270BA1FD68666004CC7A6 /* ZXCPhotoViewController.m */,
			);
			path = ZXCImagePickerController;
			sourceTree = "<group>";
		};
/* End PBXGroup section */

/* Begin PBXNativeTarget section */
		22B2706F1FD6864C004CC7A6 /* ZXCImagePickerControllerDemo */ = {
			isa = PBXNativeTarget;
			buildConfigurationList = 22B2709C1FD6864C004CC7A6 /* Build configuration list for PBXNativeTarget "ZXCImagePickerControllerDemo" */;
			buildPhases = (
				22B2706C1FD6864C004CC7A6 /* Sources */,
				22B2706D1FD6864C004CC7A6 /* Frameworks */,
				22B2706E1FD6864C004CC7A6 /* Resources */,
			);
			buildRules = (
			);
			dependencies = (
			);
			name = ZXCImagePickerControllerDemo;
			productName = ZXCImagePickerControllerDemo;
			productReference = 22B270701FD6864C004CC7A6 /* ZXCImagePickerControllerDemo.app */;
			productType = "com.apple.product-type.application";
		};
		22B270871FD6864C004CC7A6 /* ZXCImagePickerControllerDemoTests */ = {
			isa = PBXNativeTarget;
			buildConfigurationList = 22B2709F1FD6864C004CC7A6 /* Build configuration list for PBXNativeTarget "ZXCImagePickerControllerDemoTests" */;
			buildPhases = (
				22B270841FD6864C004CC7A6 /* Sources */,
				22B270851FD6864C004CC7A6 /* Frameworks */,
				22B270861FD6864C004CC7A6 /* Resources */,
			);
			buildRules = (
			);
			dependencies = (
				22B2708A1FD6864C004CC7A6 /* PBXTargetDependency */,
			);
			name = ZXCImagePickerControllerDemoTests;
			productName = ZXCImagePickerControllerDemoTests;
			productReference = 22B270881FD6864C004CC7A6 /* ZXCImagePickerControllerDemoTests.xctest */;
			productType = "com.apple.product-type.bundle.unit-test";
		};
		22B270921FD6864C004CC7A6 /* ZXCImagePickerControllerDemoUITests */ = {
			isa = PBXNativeTarget;
			buildConfigurationList = 22B270A21FD6864C004CC7A6 /* Build configuration list for PBXNativeTarget "ZXCImagePickerControllerDemoUITests" */;
			buildPhases = (
				22B2708F1FD6864C004CC7A6 /* Sources */,
				22B270901FD6864C004CC7A6 /* Frameworks */,
				22B270911FD6864C004CC7A6 /* Resources */,
			);
			buildRules = (
			);
			dependencies = (
				22B270951FD6864C004CC7A6 /* PBXTargetDependency */,
			);
			name = ZXCImagePickerControllerDemoUITests;
			productName = ZXCImagePickerControllerDemoUITests;
			productReference = 22B270931FD6864C004CC7A6 /* ZXCImagePickerControllerDemoUITests.xctest */;
			productType = "com.apple.product-type.bundle.ui-testing";
		};
/* End PBXNativeTarget section */

/* Begin PBXProject section */
		22B270681FD6864C004CC7A6 /* Project object */ = {
			isa = PBXProject;
			attributes = {
				LastUpgradeCheck = 0910;
				ORGANIZATIONNAME = VIC;
				TargetAttributes = {
					22B2706F1FD6864C004CC7A6 = {
						CreatedOnToolsVersion = 9.1;
						ProvisioningStyle = Manual;
					};
					22B270871FD6864C004CC7A6 = {
						CreatedOnToolsVersion = 9.1;
						ProvisioningStyle = Automatic;
						TestTargetID = 22B2706F1FD6864C004CC7A6;
					};
					22B270921FD6864C004CC7A6 = {
						CreatedOnToolsVersion = 9.1;
						ProvisioningStyle = Automatic;
						TestTargetID = 22B2706F1FD6864C004CC7A6;
					};
				};
			};
			buildConfigurationList = 22B2706B1FD6864C004CC7A6 /* Build configuration list for PBXProject "ZXCImagePickerControllerDemo" */;
			compatibilityVersion = "Xcode 8.0";
			developmentRegion = en;
			hasScannedForEncodings = 0;
			knownRegions = (
				en,
				Base,
			);
			mainGroup = 22B270671FD6864C004CC7A6;
			productRefGroup = 22B270711FD6864C004CC7A6 /* Products */;
			projectDirPath = "";
			projectRoot = "";
			targets = (
				22B2706F1FD6864C004CC7A6 /* ZXCImagePickerControllerDemo */,
				22B270871FD6864C004CC7A6 /* ZXCImagePickerControllerDemoTests */,
				22B270921FD6864C004CC7A6 /* ZXCImagePickerControllerDemoUITests */,
			);
		};
/* End PBXProject section */

/* Begin PBXResourcesBuildPhase section */
		22B2706E1FD6864C004CC7A6 /* Resources */ = {
			isa = PBXResourcesBuildPhase;
			buildActionMask = 2147483647;
			files = (
				22B270801FD6864C004CC7A6 /* LaunchScreen.storyboard in Resources */,
				22B2707D1FD6864C004CC7A6 /* Assets.xcassets in Resources */,
				22B2707B1FD6864C004CC7A6 /* Main.storyboard in Resources */,
				22B270BC1FD68667004CC7A6 /* images.bundle in Resources */,
			);
			runOnlyForDeploymentPostprocessing = 0;
		};
		22B270861FD6864C004CC7A6 /* Resources */ = {
			isa = PBXResourcesBuildPhase;
			buildActionMask = 2147483647;
			files = (
			);
			runOnlyForDeploymentPostprocessing = 0;
		};
		22B270911FD6864C004CC7A6 /* Resources */ = {
			isa = PBXResourcesBuildPhase;
			buildActionMask = 2147483647;
			files = (
			);
			runOnlyForDeploymentPostprocessing = 0;
		};
/* End PBXResourcesBuildPhase section */

/* Begin PBXSourcesBuildPhase section */
		22B2706C1FD6864C004CC7A6 /* Sources */ = {
			isa = PBXSourcesBuildPhase;
			buildActionMask = 2147483647;
			files = (
				22B270C01FD68667004CC7A6 /* ZXCAlbumViewController.m in Sources */,
				22B270C31FD68667004CC7A6 /* ZXCImageManager.m in Sources */,
				22B270781FD6864C004CC7A6 /* ViewController.m in Sources */,
				22B270BF1FD68667004CC7A6 /* ZXCAlbumModel.m in Sources */,
				22B270831FD6864C004CC7A6 /* main.m in Sources */,
				22B270BE1FD68667004CC7A6 /* ZXCAlbumCollectionViewController.m in Sources */,
				22B270751FD6864C004CC7A6 /* AppDelegate.m in Sources */,
				22B270C51FD68667004CC7A6 /* ZXCPhotoViewController.m in Sources */,
				22B270C41FD68667004CC7A6 /* ZXCImagePickerController.m in Sources */,
				22B270C11FD68667004CC7A6 /* ZXCAssetCell.m in Sources */,
				22B270C21FD68667004CC7A6 /* ZXCCameraViewController.m in Sources */,
				22B270BD1FD68667004CC7A6 /* ZXCAlbumCell.m in Sources */,
				22B270BB1FD68667004CC7A6 /* BottomView.m in Sources */,
			);
			runOnlyForDeploymentPostprocessing = 0;
		};
		22B270841FD6864C004CC7A6 /* Sources */ = {
			isa = PBXSourcesBuildPhase;
			buildActionMask = 2147483647;
			files = (
				22B2708D1FD6864C004CC7A6 /* ZXCImagePickerControllerDemoTests.m in Sources */,
			);
			runOnlyForDeploymentPostprocessing = 0;
		};
		22B2708F1FD6864C004CC7A6 /* Sources */ = {
			isa = PBXSourcesBuildPhase;
			buildActionMask = 2147483647;
			files = (
				22B270981FD6864C004CC7A6 /* ZXCImagePickerControllerDemoUITests.m in Sources */,
			);
			runOnlyForDeploymentPostprocessing = 0;
		};
/* End PBXSourcesBuildPhase section */

/* Begin PBXTargetDependency section */
		22B2708A1FD6864C004CC7A6 /* PBXTargetDependency */ = {
			isa = PBXTargetDependency;
			target = 22B2706F1FD6864C004CC7A6 /* ZXCImagePickerControllerDemo */;
			targetProxy = 22B270891FD6864C004CC7A6 /* PBXContainerItemProxy */;
		};
		22B270951FD6864C004CC7A6 /* PBXTargetDependency */ = {
			isa = PBXTargetDependency;
			target = 22B2706F1FD6864C004CC7A6 /* ZXCImagePickerControllerDemo */;
			targetProxy = 22B270941FD6864C004CC7A6 /* PBXContainerItemProxy */;
		};
/* End PBXTargetDependency section */

/* Begin PBXVariantGroup section */
		22B270791FD6864C004CC7A6 /* Main.storyboard */ = {
			isa = PBXVariantGroup;
			children = (
				22B2707A1FD6864C004CC7A6 /* Base */,
			);
			name = Main.storyboard;
			sourceTree = "<group>";
		};
		22B2707E1FD6864C004CC7A6 /* LaunchScreen.storyboard */ = {
			isa = PBXVariantGroup;
			children = (
				22B2707F1FD6864C004CC7A6 /* Base */,
			);
			name = LaunchScreen.storyboard;
			sourceTree = "<group>";
		};
/* End PBXVariantGroup section */

/* Begin XCBuildConfiguration section */
		22B2709A1FD6864C004CC7A6 /* Debug */ = {
			isa = XCBuildConfiguration;
			buildSettings = {
				ALWAYS_SEARCH_USER_PATHS = NO;
				CLANG_ANALYZER_NONNULL = YES;
				CLANG_ANALYZER_NUMBER_OBJECT_CONVERSION = YES_AGGRESSIVE;
				CLANG_CXX_LANGUAGE_STANDARD = "gnu++14";
				CLANG_CXX_LIBRARY = "libc++";
				CLANG_ENABLE_MODULES = YES;
				CLANG_ENABLE_OBJC_ARC = YES;
				CLANG_WARN_BLOCK_CAPTURE_AUTORELEASING = YES;
				CLANG_WARN_BOOL_CONVERSION = YES;
				CLANG_WARN_COMMA = YES;
				CLANG_WARN_CONSTANT_CONVERSION = YES;
				CLANG_WARN_DIRECT_OBJC_ISA_USAGE = YES_ERROR;
				CLANG_WARN_DOCUMENTATION_COMMENTS = YES;
				CLANG_WARN_EMPTY_BODY = YES;
				CLANG_WARN_ENUM_CONVERSION = YES;
				CLANG_WARN_INFINITE_RECURSION = YES;
				CLANG_WARN_INT_CONVERSION = YES;
				CLANG_WARN_NON_LITERAL_NULL_CONVERSION = YES;
				CLANG_WARN_OBJC_LITERAL_CONVERSION = YES;
				CLANG_WARN_OBJC_ROOT_CLASS = YES_ERROR;
				CLANG_WARN_RANGE_LOOP_ANALYSIS = YES;
				CLANG_WARN_STRICT_PROTOTYPES = YES;
				CLANG_WARN_SUSPICIOUS_MOVE = YES;
				CLANG_WARN_UNGUARDED_AVAILABILITY = YES_AGGRESSIVE;
				CLANG_WARN_UNREACHABLE_CODE = YES;
				CLANG_WARN__DUPLICATE_METHOD_MATCH = YES;
				CODE_SIGN_IDENTITY = "iPhone Developer";
				COPY_PHASE_STRIP = NO;
				DEBUG_INFORMATION_FORMAT = dwarf;
				ENABLE_STRICT_OBJC_MSGSEND = YES;
				ENABLE_TESTABILITY = YES;
				GCC_C_LANGUAGE_STANDARD = gnu11;
				GCC_DYNAMIC_NO_PIC = NO;
				GCC_NO_COMMON_BLOCKS = YES;
				GCC_OPTIMIZATION_LEVEL = 0;
				GCC_PREPROCESSOR_DEFINITIONS = (
					"DEBUG=1",
					"$(inherited)",
				);
				GCC_WARN_64_TO_32_BIT_CONVERSION = YES;
				GCC_WARN_ABOUT_RETURN_TYPE = YES_ERROR;
				GCC_WARN_UNDECLARED_SELECTOR = YES;
				GCC_WARN_UNINITIALIZED_AUTOS = YES_AGGRESSIVE;
				GCC_WARN_UNUSED_FUNCTION = YES;
				GCC_WARN_UNUSED_VARIABLE = YES;
				IPHONEOS_DEPLOYMENT_TARGET = 11.1;
				MTL_ENABLE_DEBUG_INFO = YES;
				ONLY_ACTIVE_ARCH = YES;
				SDKROOT = iphoneos;
			};
			name = Debug;
		};
		22B2709B1FD6864C004CC7A6 /* Release */ = {
			isa = XCBuildConfiguration;
			buildSettings = {
				ALWAYS_SEARCH_USER_PATHS = NO;
				CLANG_ANALYZER_NONNULL = YES;
				CLANG_ANALYZER_NUMBER_OBJECT_CONVERSION = YES_AGGRESSIVE;
				CLANG_CXX_LANGUAGE_STANDARD = "gnu++14";
				CLANG_CXX_LIBRARY = "libc++";
				CLANG_ENABLE_MODULES = YES;
				CLANG_ENABLE_OBJC_ARC = YES;
				CLANG_WARN_BLOCK_CAPTURE_AUTORELEASING = YES;
				CLANG_WARN_BOOL_CONVERSION = YES;
				CLANG_WARN_COMMA = YES;
				CLANG_WARN_CONSTANT_CONVERSION = YES;
				CLANG_WARN_DIRECT_OBJC_ISA_USAGE = YES_ERROR;
				CLANG_WARN_DOCUMENTATION_COMMENTS = YES;
				CLANG_WARN_EMPTY_BODY = YES;
				CLANG_WARN_ENUM_CONVERSION = YES;
				CLANG_WARN_INFINITE_RECURSION = YES;
				CLANG_WARN_INT_CONVERSION = YES;
				CLANG_WARN_NON_LITERAL_NULL_CONVERSION = YES;
				CLANG_WARN_OBJC_LITERAL_CONVERSION = YES;
				CLANG_WARN_OBJC_ROOT_CLASS = YES_ERROR;
				CLANG_WARN_RANGE_LOOP_ANALYSIS = YES;
				CLANG_WARN_STRICT_PROTOTYPES = YES;
				CLANG_WARN_SUSPICIOUS_MOVE = YES;
				CLANG_WARN_UNGUARDED_AVAILABILITY = YES_AGGRESSIVE;
				CLANG_WARN_UNREACHABLE_CODE = YES;
				CLANG_WARN__DUPLICATE_METHOD_MATCH = YES;
				CODE_SIGN_IDENTITY = "iPhone Developer";
				COPY_PHASE_STRIP = NO;
				DEBUG_INFORMATION_FORMAT = "dwarf-with-dsym";
				ENABLE_NS_ASSERTIONS = NO;
				ENABLE_STRICT_OBJC_MSGSEND = YES;
				GCC_C_LANGUAGE_STANDARD = gnu11;
				GCC_NO_COMMON_BLOCKS = YES;
				GCC_WARN_64_TO_32_BIT_CONVERSION = YES;
				GCC_WARN_ABOUT_RETURN_TYPE = YES_ERROR;
				GCC_WARN_UNDECLARED_SELECTOR = YES;
				GCC_WARN_UNINITIALIZED_AUTOS = YES_AGGRESSIVE;
				GCC_WARN_UNUSED_FUNCTION = YES;
				GCC_WARN_UNUSED_VARIABLE = YES;
				IPHONEOS_DEPLOYMENT_TARGET = 11.1;
				MTL_ENABLE_DEBUG_INFO = NO;
				SDKROOT = iphoneos;
				VALIDATE_PRODUCT = YES;
			};
			name = Release;
		};
		22B2709D1FD6864C004CC7A6 /* Debug */ = {
			isa = XCBuildConfiguration;
			buildSettings = {
				ASSETCATALOG_COMPILER_APPICON_NAME = AppIcon;
				CODE_SIGN_STYLE = Manual;
				DEVELOPMENT_TEAM = QX529Y9PWR;
				INFOPLIST_FILE = ZXCImagePickerControllerDemo/Info.plist;
				LD_RUNPATH_SEARCH_PATHS = "$(inherited) @executable_path/Frameworks";
				PRODUCT_BUNDLE_IDENTIFIER = "com.eCar.eCarBusinessProfessionalAppiOS-InHouse";
				PRODUCT_NAME = "$(TARGET_NAME)";
				PROVISIONING_PROFILE = "4b245260-d302-4c6f-8522-c273bea43936";
				PROVISIONING_PROFILE_SPECIFIER = eCarApsDev;
				TARGETED_DEVICE_FAMILY = "1,2";
			};
			name = Debug;
		};
		22B2709E1FD6864C004CC7A6 /* Release */ = {
			isa = XCBuildConfiguration;
			buildSettings = {
				ASSETCATALOG_COMPILER_APPICON_NAME = AppIcon;
				CODE_SIGN_STYLE = Manual;
				DEVELOPMENT_TEAM = QX529Y9PWR;
				INFOPLIST_FILE = ZXCImagePickerControllerDemo/Info.plist;
				LD_RUNPATH_SEARCH_PATHS = "$(inherited) @executable_path/Frameworks";
				PRODUCT_BUNDLE_IDENTIFIER = "com.eCar.eCarBusinessProfessionalAppiOS-InHouse";
				PRODUCT_NAME = "$(TARGET_NAME)";
				PROVISIONING_PROFILE = "4b245260-d302-4c6f-8522-c273bea43936";
				PROVISIONING_PROFILE_SPECIFIER = eCarApsDev;
				TARGETED_DEVICE_FAMILY = "1,2";
			};
			name = Release;
		};
		22B270A01FD6864C004CC7A6 /* Debug */ = {
			isa = XCBuildConfiguration;
			buildSettings = {
				BUNDLE_LOADER = "$(TEST_HOST)";
				CODE_SIGN_STYLE = Automatic;
				INFOPLIST_FILE = ZXCImagePickerControllerDemoTests/Info.plist;
				LD_RUNPATH_SEARCH_PATHS = "$(inherited) @executable_path/Frameworks @loader_path/Frameworks";
				PRODUCT_BUNDLE_IDENTIFIER = vic.ZXCImagePickerControllerDemoTests;
				PRODUCT_NAME = "$(TARGET_NAME)";
				TARGETED_DEVICE_FAMILY = "1,2";
				TEST_HOST = "$(BUILT_PRODUCTS_DIR)/ZXCImagePickerControllerDemo.app/ZXCImagePickerControllerDemo";
			};
			name = Debug;
		};
		22B270A11FD6864C004CC7A6 /* Release */ = {
			isa = XCBuildConfiguration;
			buildSettings = {
				BUNDLE_LOADER = "$(TEST_HOST)";
				CODE_SIGN_STYLE = Automatic;
				INFOPLIST_FILE = ZXCImagePickerControllerDemoTests/Info.plist;
				LD_RUNPATH_SEARCH_PATHS = "$(inherited) @executable_path/Frameworks @loader_path/Frameworks";
				PRODUCT_BUNDLE_IDENTIFIER = vic.ZXCImagePickerControllerDemoTests;
				PRODUCT_NAME = "$(TARGET_NAME)";
				TARGETED_DEVICE_FAMILY = "1,2";
				TEST_HOST = "$(BUILT_PRODUCTS_DIR)/ZXCImagePickerControllerDemo.app/ZXCImagePickerControllerDemo";
			};
			name = Release;
		};
		22B270A31FD6864C004CC7A6 /* Debug */ = {
			isa = XCBuildConfiguration;
			buildSettings = {
				CODE_SIGN_STYLE = Automatic;
				INFOPLIST_FILE = ZXCImagePickerControllerDemoUITests/Info.plist;
				LD_RUNPATH_SEARCH_PATHS = "$(inherited) @executable_path/Frameworks @loader_path/Frameworks";
				PRODUCT_BUNDLE_IDENTIFIER = vic.ZXCImagePickerControllerDemoUITests;
				PRODUCT_NAME = "$(TARGET_NAME)";
				TARGETED_DEVICE_FAMILY = "1,2";
				TEST_TARGET_NAME = ZXCImagePickerControllerDemo;
			};
			name = Debug;
		};
		22B270A41FD6864C004CC7A6 /* Release */ = {
			isa = XCBuildConfiguration;
			buildSettings = {
				CODE_SIGN_STYLE = Automatic;
				INFOPLIST_FILE = ZXCImagePickerControllerDemoUITests/Info.plist;
				LD_RUNPATH_SEARCH_PATHS = "$(inherited) @executable_path/Frameworks @loader_path/Frameworks";
				PRODUCT_BUNDLE_IDENTIFIER = vic.ZXCImagePickerControllerDemoUITests;
				PRODUCT_NAME = "$(TARGET_NAME)";
				TARGETED_DEVICE_FAMILY = "1,2";
				TEST_TARGET_NAME = ZXCImagePickerControllerDemo;
			};
			name = Release;
		};
/* End XCBuildConfiguration section */

/* Begin XCConfigurationList section */
		22B2706B1FD6864C004CC7A6 /* Build configuration list for PBXProject "ZXCImagePickerControllerDemo" */ = {
			isa = XCConfigurationList;
			buildConfigurations = (
				22B2709A1FD6864C004CC7A6 /* Debug */,
				22B2709B1FD6864C004CC7A6 /* Release */,
			);
			defaultConfigurationIsVisible = 0;
			defaultConfigurationName = Release;
		};
		22B2709C1FD6864C004CC7A6 /* Build configuration list for PBXNativeTarget "ZXCImagePickerControllerDemo" */ = {
			isa = XCConfigurationList;
			buildConfigurations = (
				22B2709D1FD6864C004CC7A6 /* Debug */,
				22B2709E1FD6864C004CC7A6 /* Release */,
			);
			defaultConfigurationIsVisible = 0;
			defaultConfigurationName = Release;
		};
		22B2709F1FD6864C004CC7A6 /* Build configuration list for PBXNativeTarget "ZXCImagePickerControllerDemoTests" */ = {
			isa = XCConfigurationList;
			buildConfigurations = (
				22B270A01FD6864C004CC7A6 /* Debug */,
				22B270A11FD6864C004CC7A6 /* Release */,
			);
			defaultConfigurationIsVisible = 0;
			defaultConfigurationName = Release;
		};
		22B270A21FD6864C004CC7A6 /* Build configuration list for PBXNativeTarget "ZXCImagePickerControllerDemoUITests" */ = {
			isa = XCConfigurationList;
			buildConfigurations = (
				22B270A31FD6864C004CC7A6 /* Debug */,
				22B270A41FD6864C004CC7A6 /* Release */,
			);
			defaultConfigurationIsVisible = 0;
			defaultConfigurationName = Release;
		};
/* End XCConfigurationList section */
	};
	rootObject = 22B270681FD6864C004CC7A6 /* Project object */;
}
